{
  "name": "io-devices-lib-assemblyscript",
  "version": "0.0.1",
  "lockfileVersion": 1,
  "requires": true,
  "dependencies": {
    "wasa": {
      "version": "git+https://github.com/torch2424/wasa.git#a5391fa5154eae335f651d83858e416b1fe96ad5",
      "from": "git+https://github.com/torch2424/wasa.git#package-name"
    }
  }
}
