{
  "name": "io-devices-lib-assemblyscript",
  "version": "0.0.1",
  "lockfileVersion": 1,
  "requires": true,
  "dependencies": {
    "as-wasi": {
      "version": "git+https://github.com/jedisct1/as-wasi.git#5428384a8e46ed6917a1525971d3a0d239be8c42",
      "from": "git+https://github.com/jedisct1/as-wasi.git"
    }
  }
}
