{
  "name": "io-devices-lib-assemblyscript",
  "version": "0.0.1",
  "lockfileVersion": 1,
  "requires": true,
  "dependencies": {
    "as-wasi": {
      "version": "git+https://github.com/torch2424/as-wasi.git#122e49bc39da07cbb2d7bff3cd982eff71ec822e",
      "from": "git+https://github.com/torch2424/as-wasi.git#time-sleep"
    }
  }
}
